// !$*UTF8*$!
{
	archiveVersion = 1;
	classes = {
	};
	objectVersion = 50;
	objects = {

/* Begin PBXBuildFile section */
		54F17693ACEDEF7A372923BD /* Pods_flickrParser.framework in Frameworks */ = {isa = PBXBuildFile; fileRef = B84ABA8C876347934143B0FB /* Pods_flickrParser.framework */; };
		F510A8B4222C53B900CAB6A6 /* AppDelegate.swift in Sources */ = {isa = PBXBuildFile; fileRef = F510A8B3222C53B900CAB6A6 /* AppDelegate.swift */; };
		F510A8B9222C53B900CAB6A6 /* Main.storyboard in Resources */ = {isa = PBXBuildFile; fileRef = F510A8B7222C53B900CAB6A6 /* Main.storyboard */; };
		F510A8BB222C53BA00CAB6A6 /* Assets.xcassets in Resources */ = {isa = PBXBuildFile; fileRef = F510A8BA222C53BA00CAB6A6 /* Assets.xcassets */; };
		F510A8BE222C53BA00CAB6A6 /* LaunchScreen.storyboard in Resources */ = {isa = PBXBuildFile; fileRef = F510A8BC222C53BA00CAB6A6 /* LaunchScreen.storyboard */; };
		F5182995222D98EE004F502D /* Photo.swift in Sources */ = {isa = PBXBuildFile; fileRef = F5182994222D98EE004F502D /* Photo.swift */; };
		F5182997222D99B0004F502D /* PhotoService.swift in Sources */ = {isa = PBXBuildFile; fileRef = F5182996222D99B0004F502D /* PhotoService.swift */; };
		F518299B222DB18F004F502D /* PhotoListViewController.swift in Sources */ = {isa = PBXBuildFile; fileRef = F518299A222DB18F004F502D /* PhotoListViewController.swift */; };
		F518299D223041F5004F502D /* PhotoListTableViewCell.swift in Sources */ = {isa = PBXBuildFile; fileRef = F518299C223041F5004F502D /* PhotoListTableViewCell.swift */; };
		F518299F223125A9004F502D /* ImageDownloader.swift in Sources */ = {isa = PBXBuildFile; fileRef = F518299E223125A9004F502D /* ImageDownloader.swift */; };
		F51829A122312985004F502D /* PhotoViewController.swift in Sources */ = {isa = PBXBuildFile; fileRef = F51829A022312985004F502D /* PhotoViewController.swift */; };
		F5E7AE3122328EEC00E6CB46 /* PhotoCollectionViewCell.swift in Sources */ = {isa = PBXBuildFile; fileRef = F5E7AE3022328EEC00E6CB46 /* PhotoCollectionViewCell.swift */; };
		F5E7AE332232906500E6CB46 /* ListViewController.swift in Sources */ = {isa = PBXBuildFile; fileRef = F5E7AE322232906500E6CB46 /* ListViewController.swift */; };
/* End PBXBuildFile section */

/* Begin PBXFileReference section */
		5850B3E87CCD9C364B4150DB /* Pods-flickrParser.debug.xcconfig */ = {isa = PBXFileReference; includeInIndex = 1; lastKnownFileType = text.xcconfig; name = "Pods-flickrParser.debug.xcconfig"; path = "Target Support Files/Pods-flickrParser/Pods-flickrParser.debug.xcconfig"; sourceTree = "<group>"; };
		7445581CDDE1B85890BFE977 /* Pods-flickrParser.release.xcconfig */ = {isa = PBXFileReference; includeInIndex = 1; lastKnownFileType = text.xcconfig; name = "Pods-flickrParser.release.xcconfig"; path = "Target Support Files/Pods-flickrParser/Pods-flickrParser.release.xcconfig"; sourceTree = "<group>"; };
		B84ABA8C876347934143B0FB /* Pods_flickrParser.framework */ = {isa = PBXFileReference; explicitFileType = wrapper.framework; includeInIndex = 0; path = Pods_flickrParser.framework; sourceTree = BUILT_PRODUCTS_DIR; };
		F510A8B0222C53B900CAB6A6 /* flickrParser.app */ = {isa = PBXFileReference; explicitFileType = wrapper.application; includeInIndex = 0; path = flickrParser.app; sourceTree = BUILT_PRODUCTS_DIR; };
		F510A8B3222C53B900CAB6A6 /* AppDelegate.swift */ = {isa = PBXFileReference; lastKnownFileType = sourcecode.swift; path = AppDelegate.swift; sourceTree = "<group>"; };
		F510A8B8222C53B900CAB6A6 /* Base */ = {isa = PBXFileReference; lastKnownFileType = file.storyboard; name = Base; path = Base.lproj/Main.storyboard; sourceTree = "<group>"; };
		F510A8BA222C53BA00CAB6A6 /* Assets.xcassets */ = {isa = PBXFileReference; lastKnownFileType = folder.assetcatalog; path = Assets.xcassets; sourceTree = "<group>"; };
		F510A8BD222C53BA00CAB6A6 /* Base */ = {isa = PBXFileReference; lastKnownFileType = file.storyboard; name = Base; path = Base.lproj/LaunchScreen.storyboard; sourceTree = "<group>"; };
		F510A8BF222C53BA00CAB6A6 /* Info.plist */ = {isa = PBXFileReference; lastKnownFileType = text.plist.xml; path = Info.plist; sourceTree = "<group>"; };
		F5182994222D98EE004F502D /* Photo.swift */ = {isa = PBXFileReference; lastKnownFileType = sourcecode.swift; path = Photo.swift; sourceTree = "<group>"; };
		F5182996222D99B0004F502D /* PhotoService.swift */ = {isa = PBXFileReference; lastKnownFileType = sourcecode.swift; path = PhotoService.swift; sourceTree = "<group>"; };
		F518299A222DB18F004F502D /* PhotoListViewController.swift */ = {isa = PBXFileReference; lastKnownFileType = sourcecode.swift; path = PhotoListViewController.swift; sourceTree = "<group>"; };
		F518299C223041F5004F502D /* PhotoListTableViewCell.swift */ = {isa = PBXFileReference; lastKnownFileType = sourcecode.swift; path = PhotoListTableViewCell.swift; sourceTree = "<group>"; };
		F518299E223125A9004F502D /* ImageDownloader.swift */ = {isa = PBXFileReference; lastKnownFileType = sourcecode.swift; path = ImageDownloader.swift; sourceTree = "<group>"; };
		F51829A022312985004F502D /* PhotoViewController.swift */ = {isa = PBXFileReference; lastKnownFileType = sourcecode.swift; path = PhotoViewController.swift; sourceTree = "<group>"; };
		F5E7AE3022328EEC00E6CB46 /* PhotoCollectionViewCell.swift */ = {isa = PBXFileReference; lastKnownFileType = sourcecode.swift; path = PhotoCollectionViewCell.swift; sourceTree = "<group>"; };
		F5E7AE322232906500E6CB46 /* ListViewController.swift */ = {isa = PBXFileReference; lastKnownFileType = sourcecode.swift; path = ListViewController.swift; sourceTree = "<group>"; };
/* End PBXFileReference section */

/* Begin PBXFrameworksBuildPhase section */
		F510A8AD222C53B900CAB6A6 /* Frameworks */ = {
			isa = PBXFrameworksBuildPhase;
			buildActionMask = 2147483647;
			files = (
				54F17693ACEDEF7A372923BD /* Pods_flickrParser.framework in Frameworks */,
			);
			runOnlyForDeploymentPostprocessing = 0;
		};
/* End PBXFrameworksBuildPhase section */

/* Begin PBXGroup section */
		5772D08BE8AE910E690A51AC /* Frameworks */ = {
			isa = PBXGroup;
			children = (
				B84ABA8C876347934143B0FB /* Pods_flickrParser.framework */,
			);
			name = Frameworks;
			sourceTree = "<group>";
		};
		F510A8A7222C53B900CAB6A6 = {
			isa = PBXGroup;
			children = (
				F510A8B2222C53B900CAB6A6 /* flickrParser */,
				F510A8B1222C53B900CAB6A6 /* Products */,
				F7BC5742BEA134306E740AD2 /* Pods */,
				5772D08BE8AE910E690A51AC /* Frameworks */,
			);
			sourceTree = "<group>";
		};
		F510A8B1222C53B900CAB6A6 /* Products */ = {
			isa = PBXGroup;
			children = (
				F510A8B0222C53B900CAB6A6 /* flickrParser.app */,
			);
			name = Products;
			sourceTree = "<group>";
		};
		F510A8B2222C53B900CAB6A6 /* flickrParser */ = {
			isa = PBXGroup;
			children = (
				F510A8C8222C547000CAB6A6 /* Networking */,
				F510A8C7222C545600CAB6A6 /* View */,
				F510A8C6222C53D500CAB6A6 /* Controllers */,
				F510A8C5222C53CD00CAB6A6 /* Models */,
				F510A8B3222C53B900CAB6A6 /* AppDelegate.swift */,
				F510A8B7222C53B900CAB6A6 /* Main.storyboard */,
				F510A8BA222C53BA00CAB6A6 /* Assets.xcassets */,
				F510A8BC222C53BA00CAB6A6 /* LaunchScreen.storyboard */,
				F510A8BF222C53BA00CAB6A6 /* Info.plist */,
			);
			path = flickrParser;
			sourceTree = "<group>";
		};
		F510A8C5222C53CD00CAB6A6 /* Models */ = {
			isa = PBXGroup;
			children = (
				F5182994222D98EE004F502D /* Photo.swift */,
			);
			path = Models;
			sourceTree = "<group>";
		};
		F510A8C6222C53D500CAB6A6 /* Controllers */ = {
			isa = PBXGroup;
			children = (
				F518299A222DB18F004F502D /* PhotoListViewController.swift */,
				F51829A022312985004F502D /* PhotoViewController.swift */,
				F5E7AE322232906500E6CB46 /* ListViewController.swift */,
			);
			path = Controllers;
			sourceTree = "<group>";
		};
		F510A8C7222C545600CAB6A6 /* View */ = {
			isa = PBXGroup;
			children = (
				F518299C223041F5004F502D /* PhotoListTableViewCell.swift */,
				F5E7AE3022328EEC00E6CB46 /* PhotoCollectionViewCell.swift */,
			);
			path = View;
			sourceTree = "<group>";
		};
		F510A8C8222C547000CAB6A6 /* Networking */ = {
			isa = PBXGroup;
			children = (
				F5182996222D99B0004F502D /* PhotoService.swift */,
				F518299E223125A9004F502D /* ImageDownloader.swift */,
			);
			path = Networking;
			sourceTree = "<group>";
		};
		F7BC5742BEA134306E740AD2 /* Pods */ = {
			isa = PBXGroup;
			children = (
				5850B3E87CCD9C364B4150DB /* Pods-flickrParser.debug.xcconfig */,
				7445581CDDE1B85890BFE977 /* Pods-flickrParser.release.xcconfig */,
			);
			path = Pods;
			sourceTree = "<group>";
		};
/* End PBXGroup section */

/* Begin PBXNativeTarget section */
		F510A8AF222C53B900CAB6A6 /* flickrParser */ = {
			isa = PBXNativeTarget;
			buildConfigurationList = F510A8C2222C53BA00CAB6A6 /* Build configuration list for PBXNativeTarget "flickrParser" */;
			buildPhases = (
				25B51099556022A71915B0AD /* [CP] Check Pods Manifest.lock */,
				F510A8AC222C53B900CAB6A6 /* Sources */,
				F510A8AD222C53B900CAB6A6 /* Frameworks */,
				F510A8AE222C53B900CAB6A6 /* Resources */,
				A8F5ECC27265A7F637BF0E65 /* [CP] Embed Pods Frameworks */,
			);
			buildRules = (
			);
			dependencies = (
			);
			name = flickrParser;
			productName = flickrParser;
			productReference = F510A8B0222C53B900CAB6A6 /* flickrParser.app */;
			productType = "com.apple.product-type.application";
		};
/* End PBXNativeTarget section */

/* Begin PBXProject section */
		F510A8A8222C53B900CAB6A6 /* Project object */ = {
			isa = PBXProject;
			attributes = {
				LastSwiftUpdateCheck = 1010;
				LastUpgradeCheck = 1010;
				ORGANIZATIONNAME = "Elibay Nuptebek";
				TargetAttributes = {
					F510A8AF222C53B900CAB6A6 = {
						CreatedOnToolsVersion = 10.1;
					};
				};
			};
			buildConfigurationList = F510A8AB222C53B900CAB6A6 /* Build configuration list for PBXProject "flickrParser" */;
			compatibilityVersion = "Xcode 9.3";
			developmentRegion = en;
			hasScannedForEncodings = 0;
			knownRegions = (
				en,
				Base,
			);
			mainGroup = F510A8A7222C53B900CAB6A6;
			productRefGroup = F510A8B1222C53B900CAB6A6 /* Products */;
			projectDirPath = "";
			projectRoot = "";
			targets = (
				F510A8AF222C53B900CAB6A6 /* flickrParser */,
			);
		};
/* End PBXProject section */

/* Begin PBXResourcesBuildPhase section */
		F510A8AE222C53B900CAB6A6 /* Resources */ = {
			isa = PBXResourcesBuildPhase;
			buildActionMask = 2147483647;
			files = (
				F510A8BE222C53BA00CAB6A6 /* LaunchScreen.storyboard in Resources */,
				F510A8BB222C53BA00CAB6A6 /* Assets.xcassets in Resources */,
				F510A8B9222C53B900CAB6A6 /* Main.storyboard in Resources */,
			);
			runOnlyForDeploymentPostprocessing = 0;
		};
/* End PBXResourcesBuildPhase section */

/* Begin PBXShellScriptBuildPhase section */
		25B51099556022A71915B0AD /* [CP] Check Pods Manifest.lock */ = {
			isa = PBXShellScriptBuildPhase;
			buildActionMask = 2147483647;
			files = (
			);
			inputFileListPaths = (
			);
			inputPaths = (
				"${PODS_PODFILE_DIR_PATH}/Podfile.lock",
				"${PODS_ROOT}/Manifest.lock",
			);
			name = "[CP] Check Pods Manifest.lock";
			outputFileListPaths = (
			);
			outputPaths = (
				"$(DERIVED_FILE_DIR)/Pods-flickrParser-checkManifestLockResult.txt",
			);
			runOnlyForDeploymentPostprocessing = 0;
			shellPath = /bin/sh;
			shellScript = "diff \"${PODS_PODFILE_DIR_PATH}/Podfile.lock\" \"${PODS_ROOT}/Manifest.lock\" > /dev/null\nif [ $? != 0 ] ; then\n    # print error to STDERR\n    echo \"error: The sandbox is not in sync with the Podfile.lock. Run 'pod install' or update your CocoaPods installation.\" >&2\n    exit 1\nfi\n# This output is used by Xcode 'outputs' to avoid re-running this script phase.\necho \"SUCCESS\" > \"${SCRIPT_OUTPUT_FILE_0}\"\n";
			showEnvVarsInLog = 0;
		};
		A8F5ECC27265A7F637BF0E65 /* [CP] Embed Pods Frameworks */ = {
			isa = PBXShellScriptBuildPhase;
			buildActionMask = 2147483647;
			files = (
			);
			inputFileListPaths = (
			);
			inputPaths = (
				"${PODS_ROOT}/Target Support Files/Pods-flickrParser/Pods-flickrParser-frameworks.sh",
				"${BUILT_PRODUCTS_DIR}/Alamofire/Alamofire.framework",
				"${BUILT_PRODUCTS_DIR}/AlamofireImage/AlamofireImage.framework",
				"${BUILT_PRODUCTS_DIR}/SDWebImage/SDWebImage.framework",
				"${BUILT_PRODUCTS_DIR}/SVProgressHUD/SVProgressHUD.framework",
				"${BUILT_PRODUCTS_DIR}/SwiftyJSON/SwiftyJSON.framework",
			);
			name = "[CP] Embed Pods Frameworks";
			outputFileListPaths = (
			);
			outputPaths = (
				"${TARGET_BUILD_DIR}/${FRAMEWORKS_FOLDER_PATH}/Alamofire.framework",
				"${TARGET_BUILD_DIR}/${FRAMEWORKS_FOLDER_PATH}/AlamofireImage.framework",
				"${TARGET_BUILD_DIR}/${FRAMEWORKS_FOLDER_PATH}/SDWebImage.framework",
				"${TARGET_BUILD_DIR}/${FRAMEWORKS_FOLDER_PATH}/SVProgressHUD.framework",
				"${TARGET_BUILD_DIR}/${FRAMEWORKS_FOLDER_PATH}/SwiftyJSON.framework",
			);
			runOnlyForDeploymentPostprocessing = 0;
			shellPath = /bin/sh;
			shellScript = "\"${PODS_ROOT}/Target Support Files/Pods-flickrParser/Pods-flickrParser-frameworks.sh\"\n";
			showEnvVarsInLog = 0;
		};
/* End PBXShellScriptBuildPhase section */

/* Begin PBXSourcesBuildPhase section */
		F510A8AC222C53B900CAB6A6 /* Sources */ = {
			isa = PBXSourcesBuildPhase;
			buildActionMask = 2147483647;
			files = (
				F5182997222D99B0004F502D /* PhotoService.swift in Sources */,
				F518299B222DB18F004F502D /* PhotoListViewController.swift in Sources */,
				F5182995222D98EE004F502D /* Photo.swift in Sources */,
				F518299D223041F5004F502D /* PhotoListTableViewCell.swift in Sources */,
				F51829A122312985004F502D /* PhotoViewController.swift in Sources */,
				F5E7AE3122328EEC00E6CB46 /* PhotoCollectionViewCell.swift in Sources */,
				F518299F223125A9004F502D /* ImageDownloader.swift in Sources */,
				F510A8B4222C53B900CAB6A6 /* AppDelegate.swift in Sources */,
				F5E7AE332232906500E6CB46 /* ListViewController.swift in Sources */,
			);
			runOnlyForDeploymentPostprocessing = 0;
		};
/* End PBXSourcesBuildPhase section */

/* Begin PBXVariantGroup section */
		F510A8B7222C53B900CAB6A6 /* Main.storyboard */ = {
			isa = PBXVariantGroup;
			children = (
				F510A8B8222C53B900CAB6A6 /* Base */,
			);
			name = Main.storyboard;
			sourceTree = "<group>";
		};
		F510A8BC222C53BA00CAB6A6 /* LaunchScreen.storyboard */ = {
			isa = PBXVariantGroup;
			children = (
				F510A8BD222C53BA00CAB6A6 /* Base */,
			);
			name = LaunchScreen.storyboard;
			sourceTree = "<group>";
		};
/* End PBXVariantGroup section */

/* Begin XCBuildConfiguration section */
		F510A8C0222C53BA00CAB6A6 /* Debug */ = {
			isa = XCBuildConfiguration;
			buildSettings = {
				ALWAYS_SEARCH_USER_PATHS = NO;
				CLANG_ANALYZER_NONNULL = YES;
				CLANG_ANALYZER_NUMBER_OBJECT_CONVERSION = YES_AGGRESSIVE;
				CLANG_CXX_LANGUAGE_STANDARD = "gnu++14";
				CLANG_CXX_LIBRARY = "libc++";
				CLANG_ENABLE_MODULES = YES;
				CLANG_ENABLE_OBJC_ARC = YES;
				CLANG_ENABLE_OBJC_WEAK = YES;
				CLANG_WARN_BLOCK_CAPTURE_AUTORELEASING = YES;
				CLANG_WARN_BOOL_CONVERSION = YES;
				CLANG_WARN_COMMA = YES;
				CLANG_WARN_CONSTANT_CONVERSION = YES;
				CLANG_WARN_DEPRECATED_OBJC_IMPLEMENTATIONS = YES;
				CLANG_WARN_DIRECT_OBJC_ISA_USAGE = YES_ERROR;
				CLANG_WARN_DOCUMENTATION_COMMENTS = YES;
				CLANG_WARN_EMPTY_BODY = YES;
				CLANG_WARN_ENUM_CONVERSION = YES;
				CLANG_WARN_INFINITE_RECURSION = YES;
				CLANG_WARN_INT_CONVERSION = YES;
				CLANG_WARN_NON_LITERAL_NULL_CONVERSION = YES;
				CLANG_WARN_OBJC_IMPLICIT_RETAIN_SELF = YES;
				CLANG_WARN_OBJC_LITERAL_CONVERSION = YES;
				CLANG_WARN_OBJC_ROOT_CLASS = YES_ERROR;
				CLANG_WARN_RANGE_LOOP_ANALYSIS = YES;
				CLANG_WARN_STRICT_PROTOTYPES = YES;
				CLANG_WARN_SUSPICIOUS_MOVE = YES;
				CLANG_WARN_UNGUARDED_AVAILABILITY = YES_AGGRESSIVE;
				CLANG_WARN_UNREACHABLE_CODE = YES;
				CLANG_WARN__DUPLICATE_METHOD_MATCH = YES;
				CODE_SIGN_IDENTITY = "iPhone Developer";
				COPY_PHASE_STRIP = NO;
				DEBUG_INFORMATION_FORMAT = dwarf;
				ENABLE_STRICT_OBJC_MSGSEND = YES;
				ENABLE_TESTABILITY = YES;
				GCC_C_LANGUAGE_STANDARD = gnu11;
				GCC_DYNAMIC_NO_PIC = NO;
				GCC_NO_COMMON_BLOCKS = YES;
				GCC_OPTIMIZATION_LEVEL = 0;
				GCC_PREPROCESSOR_DEFINITIONS = (
					"DEBUG=1",
					"$(inherited)",
				);
				GCC_WARN_64_TO_32_BIT_CONVERSION = YES;
				GCC_WARN_ABOUT_RETURN_TYPE = YES_ERROR;
				GCC_WARN_UNDECLARED_SELECTOR = YES;
				GCC_WARN_UNINITIALIZED_AUTOS = YES_AGGRESSIVE;
				GCC_WARN_UNUSED_FUNCTION = YES;
				GCC_WARN_UNUSED_VARIABLE = YES;
				IPHONEOS_DEPLOYMENT_TARGET = 12.1;
				MTL_ENABLE_DEBUG_INFO = INCLUDE_SOURCE;
				MTL_FAST_MATH = YES;
				ONLY_ACTIVE_ARCH = YES;
				SDKROOT = iphoneos;
				SWIFT_ACTIVE_COMPILATION_CONDITIONS = DEBUG;
				SWIFT_OPTIMIZATION_LEVEL = "-Onone";
			};
			name = Debug;
		};
		F510A8C1222C53BA00CAB6A6 /* Release */ = {
			isa = XCBuildConfiguration;
			buildSettings = {
				ALWAYS_SEARCH_USER_PATHS = NO;
				CLANG_ANALYZER_NONNULL = YES;
				CLANG_ANALYZER_NUMBER_OBJECT_CONVERSION = YES_AGGRESSIVE;
				CLANG_CXX_LANGUAGE_STANDARD = "gnu++14";
				CLANG_CXX_LIBRARY = "libc++";
				CLANG_ENABLE_MODULES = YES;
				CLANG_ENABLE_OBJC_ARC = YES;
				CLANG_ENABLE_OBJC_WEAK = YES;
				CLANG_WARN_BLOCK_CAPTURE_AUTORELEASING = YES;
				CLANG_WARN_BOOL_CONVERSION = YES;
				CLANG_WARN_COMMA = YES;
				CLANG_WARN_CONSTANT_CONVERSION = YES;
				CLANG_WARN_DEPRECATED_OBJC_IMPLEMENTATIONS = YES;
				CLANG_WARN_DIRECT_OBJC_ISA_USAGE = YES_ERROR;
				CLANG_WARN_DOCUMENTATION_COMMENTS = YES;
				CLANG_WARN_EMPTY_BODY = YES;
				CLANG_WARN_ENUM_CONVERSION = YES;
				CLANG_WARN_INFINITE_RECURSION = YES;
				CLANG_WARN_INT_CONVERSION = YES;
				CLANG_WARN_NON_LITERAL_NULL_CONVERSION = YES;
				CLANG_WARN_OBJC_IMPLICIT_RETAIN_SELF = YES;
				CLANG_WARN_OBJC_LITERAL_CONVERSION = YES;
				CLANG_WARN_OBJC_ROOT_CLASS = YES_ERROR;
				CLANG_WARN_RANGE_LOOP_ANALYSIS = YES;
				CLANG_WARN_STRICT_PROTOTYPES = YES;
				CLANG_WARN_SUSPICIOUS_MOVE = YES;
				CLANG_WARN_UNGUARDED_AVAILABILITY = YES_AGGRESSIVE;
				CLANG_WARN_UNREACHABLE_CODE = YES;
				CLANG_WARN__DUPLICATE_METHOD_MATCH = YES;
				CODE_SIGN_IDENTITY = "iPhone Developer";
				COPY_PHASE_STRIP = NO;
				DEBUG_INFORMATION_FORMAT = "dwarf-with-dsym";
				ENABLE_NS_ASSERTIONS = NO;
				ENABLE_STRICT_OBJC_MSGSEND = YES;
				GCC_C_LANGUAGE_STANDARD = gnu11;
				GCC_NO_COMMON_BLOCKS = YES;
				GCC_WARN_64_TO_32_BIT_CONVERSION = YES;
				GCC_WARN_ABOUT_RETURN_TYPE = YES_ERROR;
				GCC_WARN_UNDECLARED_SELECTOR = YES;
				GCC_WARN_UNINITIALIZED_AUTOS = YES_AGGRESSIVE;
				GCC_WARN_UNUSED_FUNCTION = YES;
				GCC_WARN_UNUSED_VARIABLE = YES;
				IPHONEOS_DEPLOYMENT_TARGET = 12.1;
				MTL_ENABLE_DEBUG_INFO = NO;
				MTL_FAST_MATH = YES;
				SDKROOT = iphoneos;
				SWIFT_COMPILATION_MODE = wholemodule;
				SWIFT_OPTIMIZATION_LEVEL = "-O";
				VALIDATE_PRODUCT = YES;
			};
			name = Release;
		};
		F510A8C3222C53BA00CAB6A6 /* Debug */ = {
			isa = XCBuildConfiguration;
			baseConfigurationReference = 5850B3E87CCD9C364B4150DB /* Pods-flickrParser.debug.xcconfig */;
			buildSettings = {
				ASSETCATALOG_COMPILER_APPICON_NAME = AppIcon;
				CODE_SIGN_STYLE = Automatic;
				DEVELOPMENT_TEAM = SP769BU977;
				INFOPLIST_FILE = flickrParser/Info.plist;
				LD_RUNPATH_SEARCH_PATHS = (
					"$(inherited)",
					"@executable_path/Frameworks",
				);
				PRODUCT_BUNDLE_IDENTIFIER = nuptebek.flickrParser;
				PRODUCT_NAME = "$(TARGET_NAME)";
				SWIFT_VERSION = 4.2;
				TARGETED_DEVICE_FAMILY = "1,2";
			};
			name = Debug;
		};
		F510A8C4222C53BA00CAB6A6 /* Release */ = {
			isa = XCBuildConfiguration;
			baseConfigurationReference = 7445581CDDE1B85890BFE977 /* Pods-flickrParser.release.xcconfig */;
			buildSettings = {
				ASSETCATALOG_COMPILER_APPICON_NAME = AppIcon;
				CODE_SIGN_STYLE = Automatic;
				DEVELOPMENT_TEAM = SP769BU977;
				INFOPLIST_FILE = flickrParser/Info.plist;
				LD_RUNPATH_SEARCH_PATHS = (
					"$(inherited)",
					"@executable_path/Frameworks",
				);
				PRODUCT_BUNDLE_IDENTIFIER = nuptebek.flickrParser;
				PRODUCT_NAME = "$(TARGET_NAME)";
				SWIFT_VERSION = 4.2;
				TARGETED_DEVICE_FAMILY = "1,2";
			};
			name = Release;
		};
/* End XCBuildConfiguration section */

/* Begin XCConfigurationList section */
		F510A8AB222C53B900CAB6A6 /* Build configuration list for PBXProject "flickrParser" */ = {
			isa = XCConfigurationList;
			buildConfigurations = (
				F510A8C0222C53BA00CAB6A6 /* Debug */,
				F510A8C1222C53BA00CAB6A6 /* Release */,
			);
			defaultConfigurationIsVisible = 0;
			defaultConfigurationName = Release;
		};
		F510A8C2222C53BA00CAB6A6 /* Build configuration list for PBXNativeTarget "flickrParser" */ = {
			isa = XCConfigurationList;
			buildConfigurations = (
				F510A8C3222C53BA00CAB6A6 /* Debug */,
				F510A8C4222C53BA00CAB6A6 /* Release */,
			);
			defaultConfigurationIsVisible = 0;
			defaultConfigurationName = Release;
		};
/* End XCConfigurationList section */
	};
	rootObject = F510A8A8222C53B900CAB6A6 /* Project object */;
}
