// !$*UTF8*$!
{
	archiveVersion = 1;
	classes = {
	};
	objectVersion = 50;
	objects = {

/* Begin PBXBuildFile section */
		F51275BB2219CBFA001A489D /* QuestionGenerator.swift in Sources */ = {isa = PBXBuildFile; fileRef = F51275BA2219CBFA001A489D /* QuestionGenerator.swift */; };
		F51275BD2219CE3E001A489D /* QuizManager.swift in Sources */ = {isa = PBXBuildFile; fileRef = F51275BC2219CE3E001A489D /* QuizManager.swift */; };
		F51275BF2219CF06001A489D /* QuizViewController.swift in Sources */ = {isa = PBXBuildFile; fileRef = F51275BE2219CF06001A489D /* QuizViewController.swift */; };
		F5D6AC292215AB810072F4E2 /* AppDelegate.swift in Sources */ = {isa = PBXBuildFile; fileRef = F5D6AC282215AB810072F4E2 /* AppDelegate.swift */; };
		F5D6AC2E2215AB810072F4E2 /* Main.storyboard in Resources */ = {isa = PBXBuildFile; fileRef = F5D6AC2C2215AB810072F4E2 /* Main.storyboard */; };
		F5D6AC302215AB820072F4E2 /* Assets.xcassets in Resources */ = {isa = PBXBuildFile; fileRef = F5D6AC2F2215AB820072F4E2 /* Assets.xcassets */; };
		F5D6AC332215AB820072F4E2 /* LaunchScreen.storyboard in Resources */ = {isa = PBXBuildFile; fileRef = F5D6AC312215AB820072F4E2 /* LaunchScreen.storyboard */; };
		F5D6AC3E2215ABDC0072F4E2 /* Question.swift in Sources */ = {isa = PBXBuildFile; fileRef = F5D6AC3D2215ABDC0072F4E2 /* Question.swift */; };
/* End PBXBuildFile section */

/* Begin PBXFileReference section */
		F51275BA2219CBFA001A489D /* QuestionGenerator.swift */ = {isa = PBXFileReference; lastKnownFileType = sourcecode.swift; path = QuestionGenerator.swift; sourceTree = "<group>"; };
		F51275BC2219CE3E001A489D /* QuizManager.swift */ = {isa = PBXFileReference; lastKnownFileType = sourcecode.swift; path = QuizManager.swift; sourceTree = "<group>"; };
		F51275BE2219CF06001A489D /* QuizViewController.swift */ = {isa = PBXFileReference; lastKnownFileType = sourcecode.swift; path = QuizViewController.swift; sourceTree = "<group>"; };
		F5D6AC252215AB810072F4E2 /* QuizUp.app */ = {isa = PBXFileReference; explicitFileType = wrapper.application; includeInIndex = 0; path = QuizUp.app; sourceTree = BUILT_PRODUCTS_DIR; };
		F5D6AC282215AB810072F4E2 /* AppDelegate.swift */ = {isa = PBXFileReference; lastKnownFileType = sourcecode.swift; path = AppDelegate.swift; sourceTree = "<group>"; };
		F5D6AC2D2215AB810072F4E2 /* Base */ = {isa = PBXFileReference; lastKnownFileType = file.storyboard; name = Base; path = Base.lproj/Main.storyboard; sourceTree = "<group>"; };
		F5D6AC2F2215AB820072F4E2 /* Assets.xcassets */ = {isa = PBXFileReference; lastKnownFileType = folder.assetcatalog; path = Assets.xcassets; sourceTree = "<group>"; };
		F5D6AC322215AB820072F4E2 /* Base */ = {isa = PBXFileReference; lastKnownFileType = file.storyboard; name = Base; path = Base.lproj/LaunchScreen.storyboard; sourceTree = "<group>"; };
		F5D6AC342215AB820072F4E2 /* Info.plist */ = {isa = PBXFileReference; lastKnownFileType = text.plist.xml; path = Info.plist; sourceTree = "<group>"; };
		F5D6AC3D2215ABDC0072F4E2 /* Question.swift */ = {isa = PBXFileReference; lastKnownFileType = sourcecode.swift; path = Question.swift; sourceTree = "<group>"; };
/* End PBXFileReference section */

/* Begin PBXFrameworksBuildPhase section */
		F5D6AC222215AB810072F4E2 /* Frameworks */ = {
			isa = PBXFrameworksBuildPhase;
			buildActionMask = 2147483647;
			files = (
			);
			runOnlyForDeploymentPostprocessing = 0;
		};
/* End PBXFrameworksBuildPhase section */

/* Begin PBXGroup section */
		F5D6AC1C2215AB810072F4E2 = {
			isa = PBXGroup;
			children = (
				F5D6AC272215AB810072F4E2 /* QuizUp */,
				F5D6AC262215AB810072F4E2 /* Products */,
			);
			sourceTree = "<group>";
		};
		F5D6AC262215AB810072F4E2 /* Products */ = {
			isa = PBXGroup;
			children = (
				F5D6AC252215AB810072F4E2 /* QuizUp.app */,
			);
			name = Products;
			sourceTree = "<group>";
		};
		F5D6AC272215AB810072F4E2 /* QuizUp */ = {
			isa = PBXGroup;
			children = (
				F5D6AC3C2215ABA80072F4E2 /* Controller */,
				F5D6AC3B2215ABA30072F4E2 /* Model */,
				F5D6AC3A2215AB9C0072F4E2 /* View */,
				F5D6AC282215AB810072F4E2 /* AppDelegate.swift */,
				F5D6AC2C2215AB810072F4E2 /* Main.storyboard */,
				F5D6AC2F2215AB820072F4E2 /* Assets.xcassets */,
				F5D6AC312215AB820072F4E2 /* LaunchScreen.storyboard */,
				F5D6AC342215AB820072F4E2 /* Info.plist */,
			);
			path = QuizUp;
			sourceTree = "<group>";
		};
		F5D6AC3A2215AB9C0072F4E2 /* View */ = {
			isa = PBXGroup;
			children = (
			);
			path = View;
			sourceTree = "<group>";
		};
		F5D6AC3B2215ABA30072F4E2 /* Model */ = {
			isa = PBXGroup;
			children = (
				F5D6AC3D2215ABDC0072F4E2 /* Question.swift */,
				F51275BA2219CBFA001A489D /* QuestionGenerator.swift */,
				F51275BC2219CE3E001A489D /* QuizManager.swift */,
			);
			path = Model;
			sourceTree = "<group>";
		};
		F5D6AC3C2215ABA80072F4E2 /* Controller */ = {
			isa = PBXGroup;
			children = (
				F51275BE2219CF06001A489D /* QuizViewController.swift */,
			);
			path = Controller;
			sourceTree = "<group>";
		};
/* End PBXGroup section */

/* Begin PBXNativeTarget section */
		F5D6AC242215AB810072F4E2 /* QuizUp */ = {
			isa = PBXNativeTarget;
			buildConfigurationList = F5D6AC372215AB820072F4E2 /* Build configuration list for PBXNativeTarget "QuizUp" */;
			buildPhases = (
				F5D6AC212215AB810072F4E2 /* Sources */,
				F5D6AC222215AB810072F4E2 /* Frameworks */,
				F5D6AC232215AB810072F4E2 /* Resources */,
			);
			buildRules = (
			);
			dependencies = (
			);
			name = QuizUp;
			productName = QuizUp;
			productReference = F5D6AC252215AB810072F4E2 /* QuizUp.app */;
			productType = "com.apple.product-type.application";
		};
/* End PBXNativeTarget section */

/* Begin PBXProject section */
		F5D6AC1D2215AB810072F4E2 /* Project object */ = {
			isa = PBXProject;
			attributes = {
				LastSwiftUpdateCheck = 1010;
				LastUpgradeCheck = 1010;
				ORGANIZATIONNAME = "Elibay Nuptebek";
				TargetAttributes = {
					F5D6AC242215AB810072F4E2 = {
						CreatedOnToolsVersion = 10.1;
					};
				};
			};
			buildConfigurationList = F5D6AC202215AB810072F4E2 /* Build configuration list for PBXProject "QuizUp" */;
			compatibilityVersion = "Xcode 9.3";
			developmentRegion = en;
			hasScannedForEncodings = 0;
			knownRegions = (
				en,
				Base,
			);
			mainGroup = F5D6AC1C2215AB810072F4E2;
			productRefGroup = F5D6AC262215AB810072F4E2 /* Products */;
			projectDirPath = "";
			projectRoot = "";
			targets = (
				F5D6AC242215AB810072F4E2 /* QuizUp */,
			);
		};
/* End PBXProject section */

/* Begin PBXResourcesBuildPhase section */
		F5D6AC232215AB810072F4E2 /* Resources */ = {
			isa = PBXResourcesBuildPhase;
			buildActionMask = 2147483647;
			files = (
				F5D6AC332215AB820072F4E2 /* LaunchScreen.storyboard in Resources */,
				F5D6AC302215AB820072F4E2 /* Assets.xcassets in Resources */,
				F5D6AC2E2215AB810072F4E2 /* Main.storyboard in Resources */,
			);
			runOnlyForDeploymentPostprocessing = 0;
		};
/* End PBXResourcesBuildPhase section */

/* Begin PBXSourcesBuildPhase section */
		F5D6AC212215AB810072F4E2 /* Sources */ = {
			isa = PBXSourcesBuildPhase;
			buildActionMask = 2147483647;
			files = (
				F5D6AC3E2215ABDC0072F4E2 /* Question.swift in Sources */,
				F51275BF2219CF06001A489D /* QuizViewController.swift in Sources */,
				F51275BB2219CBFA001A489D /* QuestionGenerator.swift in Sources */,
				F51275BD2219CE3E001A489D /* QuizManager.swift in Sources */,
				F5D6AC292215AB810072F4E2 /* AppDelegate.swift in Sources */,
			);
			runOnlyForDeploymentPostprocessing = 0;
		};
/* End PBXSourcesBuildPhase section */

/* Begin PBXVariantGroup section */
		F5D6AC2C2215AB810072F4E2 /* Main.storyboard */ = {
			isa = PBXVariantGroup;
			children = (
				F5D6AC2D2215AB810072F4E2 /* Base */,
			);
			name = Main.storyboard;
			sourceTree = "<group>";
		};
		F5D6AC312215AB820072F4E2 /* LaunchScreen.storyboard */ = {
			isa = PBXVariantGroup;
			children = (
				F5D6AC322215AB820072F4E2 /* Base */,
			);
			name = LaunchScreen.storyboard;
			sourceTree = "<group>";
		};
/* End PBXVariantGroup section */

/* Begin XCBuildConfiguration section */
		F5D6AC352215AB820072F4E2 /* Debug */ = {
			isa = XCBuildConfiguration;
			buildSettings = {
				ALWAYS_SEARCH_USER_PATHS = NO;
				CLANG_ANALYZER_NONNULL = YES;
				CLANG_ANALYZER_NUMBER_OBJECT_CONVERSION = YES_AGGRESSIVE;
				CLANG_CXX_LANGUAGE_STANDARD = "gnu++14";
				CLANG_CXX_LIBRARY = "libc++";
				CLANG_ENABLE_MODULES = YES;
				CLANG_ENABLE_OBJC_ARC = YES;
				CLANG_ENABLE_OBJC_WEAK = YES;
				CLANG_WARN_BLOCK_CAPTURE_AUTORELEASING = YES;
				CLANG_WARN_BOOL_CONVERSION = YES;
				CLANG_WARN_COMMA = YES;
				CLANG_WARN_CONSTANT_CONVERSION = YES;
				CLANG_WARN_DEPRECATED_OBJC_IMPLEMENTATIONS = YES;
				CLANG_WARN_DIRECT_OBJC_ISA_USAGE = YES_ERROR;
				CLANG_WARN_DOCUMENTATION_COMMENTS = YES;
				CLANG_WARN_EMPTY_BODY = YES;
				CLANG_WARN_ENUM_CONVERSION = YES;
				CLANG_WARN_INFINITE_RECURSION = YES;
				CLANG_WARN_INT_CONVERSION = YES;
				CLANG_WARN_NON_LITERAL_NULL_CONVERSION = YES;
				CLANG_WARN_OBJC_IMPLICIT_RETAIN_SELF = YES;
				CLANG_WARN_OBJC_LITERAL_CONVERSION = YES;
				CLANG_WARN_OBJC_ROOT_CLASS = YES_ERROR;
				CLANG_WARN_RANGE_LOOP_ANALYSIS = YES;
				CLANG_WARN_STRICT_PROTOTYPES = YES;
				CLANG_WARN_SUSPICIOUS_MOVE = YES;
				CLANG_WARN_UNGUARDED_AVAILABILITY = YES_AGGRESSIVE;
				CLANG_WARN_UNREACHABLE_CODE = YES;
				CLANG_WARN__DUPLICATE_METHOD_MATCH = YES;
				CODE_SIGN_IDENTITY = "iPhone Developer";
				COPY_PHASE_STRIP = NO;
				DEBUG_INFORMATION_FORMAT = dwarf;
				ENABLE_STRICT_OBJC_MSGSEND = YES;
				ENABLE_TESTABILITY = YES;
				GCC_C_LANGUAGE_STANDARD = gnu11;
				GCC_DYNAMIC_NO_PIC = NO;
				GCC_NO_COMMON_BLOCKS = YES;
				GCC_OPTIMIZATION_LEVEL = 0;
				GCC_PREPROCESSOR_DEFINITIONS = (
					"DEBUG=1",
					"$(inherited)",
				);
				GCC_WARN_64_TO_32_BIT_CONVERSION = YES;
				GCC_WARN_ABOUT_RETURN_TYPE = YES_ERROR;
				GCC_WARN_UNDECLARED_SELECTOR = YES;
				GCC_WARN_UNINITIALIZED_AUTOS = YES_AGGRESSIVE;
				GCC_WARN_UNUSED_FUNCTION = YES;
				GCC_WARN_UNUSED_VARIABLE = YES;
				IPHONEOS_DEPLOYMENT_TARGET = 12.1;
				MTL_ENABLE_DEBUG_INFO = INCLUDE_SOURCE;
				MTL_FAST_MATH = YES;
				ONLY_ACTIVE_ARCH = YES;
				SDKROOT = iphoneos;
				SWIFT_ACTIVE_COMPILATION_CONDITIONS = DEBUG;
				SWIFT_OPTIMIZATION_LEVEL = "-Onone";
			};
			name = Debug;
		};
		F5D6AC362215AB820072F4E2 /* Release */ = {
			isa = XCBuildConfiguration;
			buildSettings = {
				ALWAYS_SEARCH_USER_PATHS = NO;
				CLANG_ANALYZER_NONNULL = YES;
				CLANG_ANALYZER_NUMBER_OBJECT_CONVERSION = YES_AGGRESSIVE;
				CLANG_CXX_LANGUAGE_STANDARD = "gnu++14";
				CLANG_CXX_LIBRARY = "libc++";
				CLANG_ENABLE_MODULES = YES;
				CLANG_ENABLE_OBJC_ARC = YES;
				CLANG_ENABLE_OBJC_WEAK = YES;
				CLANG_WARN_BLOCK_CAPTURE_AUTORELEASING = YES;
				CLANG_WARN_BOOL_CONVERSION = YES;
				CLANG_WARN_COMMA = YES;
				CLANG_WARN_CONSTANT_CONVERSION = YES;
				CLANG_WARN_DEPRECATED_OBJC_IMPLEMENTATIONS = YES;
				CLANG_WARN_DIRECT_OBJC_ISA_USAGE = YES_ERROR;
				CLANG_WARN_DOCUMENTATION_COMMENTS = YES;
				CLANG_WARN_EMPTY_BODY = YES;
				CLANG_WARN_ENUM_CONVERSION = YES;
				CLANG_WARN_INFINITE_RECURSION = YES;
				CLANG_WARN_INT_CONVERSION = YES;
				CLANG_WARN_NON_LITERAL_NULL_CONVERSION = YES;
				CLANG_WARN_OBJC_IMPLICIT_RETAIN_SELF = YES;
				CLANG_WARN_OBJC_LITERAL_CONVERSION = YES;
				CLANG_WARN_OBJC_ROOT_CLASS = YES_ERROR;
				CLANG_WARN_RANGE_LOOP_ANALYSIS = YES;
				CLANG_WARN_STRICT_PROTOTYPES = YES;
				CLANG_WARN_SUSPICIOUS_MOVE = YES;
				CLANG_WARN_UNGUARDED_AVAILABILITY = YES_AGGRESSIVE;
				CLANG_WARN_UNREACHABLE_CODE = YES;
				CLANG_WARN__DUPLICATE_METHOD_MATCH = YES;
				CODE_SIGN_IDENTITY = "iPhone Developer";
				COPY_PHASE_STRIP = NO;
				DEBUG_INFORMATION_FORMAT = "dwarf-with-dsym";
				ENABLE_NS_ASSERTIONS = NO;
				ENABLE_STRICT_OBJC_MSGSEND = YES;
				GCC_C_LANGUAGE_STANDARD = gnu11;
				GCC_NO_COMMON_BLOCKS = YES;
				GCC_WARN_64_TO_32_BIT_CONVERSION = YES;
				GCC_WARN_ABOUT_RETURN_TYPE = YES_ERROR;
				GCC_WARN_UNDECLARED_SELECTOR = YES;
				GCC_WARN_UNINITIALIZED_AUTOS = YES_AGGRESSIVE;
				GCC_WARN_UNUSED_FUNCTION = YES;
				GCC_WARN_UNUSED_VARIABLE = YES;
				IPHONEOS_DEPLOYMENT_TARGET = 12.1;
				MTL_ENABLE_DEBUG_INFO = NO;
				MTL_FAST_MATH = YES;
				SDKROOT = iphoneos;
				SWIFT_COMPILATION_MODE = wholemodule;
				SWIFT_OPTIMIZATION_LEVEL = "-O";
				VALIDATE_PRODUCT = YES;
			};
			name = Release;
		};
		F5D6AC382215AB820072F4E2 /* Debug */ = {
			isa = XCBuildConfiguration;
			buildSettings = {
				ASSETCATALOG_COMPILER_APPICON_NAME = AppIcon;
				CODE_SIGN_STYLE = Automatic;
				INFOPLIST_FILE = QuizUp/Info.plist;
				LD_RUNPATH_SEARCH_PATHS = (
					"$(inherited)",
					"@executable_path/Frameworks",
				);
				PRODUCT_BUNDLE_IDENTIFIER = nuptebek.QuizUp;
				PRODUCT_NAME = "$(TARGET_NAME)";
				SWIFT_VERSION = 4.2;
				TARGETED_DEVICE_FAMILY = "1,2";
			};
			name = Debug;
		};
		F5D6AC392215AB820072F4E2 /* Release */ = {
			isa = XCBuildConfiguration;
			buildSettings = {
				ASSETCATALOG_COMPILER_APPICON_NAME = AppIcon;
				CODE_SIGN_STYLE = Automatic;
				INFOPLIST_FILE = QuizUp/Info.plist;
				LD_RUNPATH_SEARCH_PATHS = (
					"$(inherited)",
					"@executable_path/Frameworks",
				);
				PRODUCT_BUNDLE_IDENTIFIER = nuptebek.QuizUp;
				PRODUCT_NAME = "$(TARGET_NAME)";
				SWIFT_VERSION = 4.2;
				TARGETED_DEVICE_FAMILY = "1,2";
			};
			name = Release;
		};
/* End XCBuildConfiguration section */

/* Begin XCConfigurationList section */
		F5D6AC202215AB810072F4E2 /* Build configuration list for PBXProject "QuizUp" */ = {
			isa = XCConfigurationList;
			buildConfigurations = (
				F5D6AC352215AB820072F4E2 /* Debug */,
				F5D6AC362215AB820072F4E2 /* Release */,
			);
			defaultConfigurationIsVisible = 0;
			defaultConfigurationName = Release;
		};
		F5D6AC372215AB820072F4E2 /* Build configuration list for PBXNativeTarget "QuizUp" */ = {
			isa = XCConfigurationList;
			buildConfigurations = (
				F5D6AC382215AB820072F4E2 /* Debug */,
				F5D6AC392215AB820072F4E2 /* Release */,
			);
			defaultConfigurationIsVisible = 0;
			defaultConfigurationName = Release;
		};
/* End XCConfigurationList section */
	};
	rootObject = F5D6AC1D2215AB810072F4E2 /* Project object */;
}
